
Microsoft Visual Studio Solution File, Format Version 12.00
# Visual Studio 15
VisualStudioVersion = 15.0.27703.2047
MinimumVisualStudioVersion = 10.0.40219.1
Project("{FAE04EC0-301F-11D3-BF4B-00C04F79EFBC}") = "AccountBalanceManagerService", "AccountBalanceManagerService\AccountBalanceManagerService.csproj", "{97E49A99-97D6-47FE-A764-ED8DF6367E53}"
EndProject
Project("{FAE04EC0-301F-11D3-BF4B-00C04F79EFBC}") = "AccountBalanceManagerTestProject", "AccountBalanceManagerTestProject\AccountBalanceManagerTestProject.csproj", "{42B2BB31-AA6A-432D-B3D7-F665F782E61E}"
EndProject
Project("{FAE04EC0-301F-11D3-BF4B-00C04F79EFBC}") = "AccountBalanceManager", "AccountBalanceManager\AccountBalanceManager.csproj", "{F8E7CA46-E2F4-49DB-AC65-C264EA5A00C0}"
EndProject
Global
	GlobalSection(SolutionConfigurationPlatforms) = preSolution
		Debug|Any CPU = Debug|Any CPU
		Release|Any CPU = Release|Any CPU
	EndGlobalSection
	GlobalSection(ProjectConfigurationPlatforms) = postSolution
		{97E49A99-97D6-47FE-A764-ED8DF6367E53}.Debug|Any CPU.ActiveCfg = Debug|Any CPU
		{97E49A99-97D6-47FE-A764-ED8DF6367E53}.Debug|Any CPU.Build.0 = Debug|Any CPU
		{97E49A99-97D6-47FE-A764-ED8DF6367E53}.Release|Any CPU.ActiveCfg = Release|Any CPU
		{97E49A99-97D6-47FE-A764-ED8DF6367E53}.Release|Any CPU.Build.0 = Release|Any CPU
		{42B2BB31-AA6A-432D-B3D7-F665F782E61E}.Debug|Any CPU.ActiveCfg = Debug|Any CPU
		{42B2BB31-AA6A-432D-B3D7-F665F782E61E}.Debug|Any CPU.Build.0 = Debug|Any CPU
		{42B2BB31-AA6A-432D-B3D7-F665F782E61E}.Release|Any CPU.ActiveCfg = Release|Any CPU
		{42B2BB31-AA6A-432D-B3D7-F665F782E61E}.Release|Any CPU.Build.0 = Release|Any CPU
		{F8E7CA46-E2F4-49DB-AC65-C264EA5A00C0}.Debug|Any CPU.ActiveCfg = Debug|Any CPU
		{F8E7CA46-E2F4-49DB-AC65-C264EA5A00C0}.Debug|Any CPU.Build.0 = Debug|Any CPU
		{F8E7CA46-E2F4-49DB-AC65-C264EA5A00C0}.Release|Any CPU.ActiveCfg = Release|Any CPU
		{F8E7CA46-E2F4-49DB-AC65-C264EA5A00C0}.Release|Any CPU.Build.0 = Release|Any CPU
	EndGlobalSection
	GlobalSection(SolutionProperties) = preSolution
		HideSolutionNode = FALSE
	EndGlobalSection
	GlobalSection(ExtensibilityGlobals) = postSolution
		SolutionGuid = {E4191C10-586B-4E65-AEDF-88494ECCBB02}
	EndGlobalSection
EndGlobal
