
Microsoft Visual Studio Solution File, Format Version 12.00
# Visual Studio 15
VisualStudioVersion = 15.0.27703.2047
MinimumVisualStudioVersion = 10.0.40219.1
Project("{FAE04EC0-301F-11D3-BF4B-00C04F79EFBC}") = "SAPGUI", "SAPGUI\SAPGUI.csproj", "{66811544-5C04-4315-A550-39E31B466CA5}"
EndProject
Global
	GlobalSection(SolutionConfigurationPlatforms) = preSolution
		Debug|Any CPU = Debug|Any CPU
		Release|Any CPU = Release|Any CPU
	EndGlobalSection
	GlobalSection(ProjectConfigurationPlatforms) = postSolution
		{66811544-5C04-4315-A550-39E31B466CA5}.Debug|Any CPU.ActiveCfg = Debug|Any CPU
		{66811544-5C04-4315-A550-39E31B466CA5}.Debug|Any CPU.Build.0 = Debug|Any CPU
		{66811544-5C04-4315-A550-39E31B466CA5}.Release|Any CPU.ActiveCfg = Release|Any CPU
		{66811544-5C04-4315-A550-39E31B466CA5}.Release|Any CPU.Build.0 = Release|Any CPU
	EndGlobalSection
	GlobalSection(SolutionProperties) = preSolution
		HideSolutionNode = FALSE
	EndGlobalSection
	GlobalSection(ExtensibilityGlobals) = postSolution
		SolutionGuid = {FC00D82A-DD83-4F7F-8E5E-FE3A4FF8F64F}
	EndGlobalSection
EndGlobal
